{
  "requires": true,
  "lockfileVersion": 1,
  "dependencies": {
    "rxjs-compat": {
      "version": "6.3.2",
      "resolved": "https://registry.npmjs.org/rxjs-compat/-/rxjs-compat-6.3.2.tgz",
      "integrity": "sha512-eH0ANsX4ufMSDmSDwWbsWYgZDDDxxLHxsSwApbQumHTFm83RP4AI594QtXv3Jup+hVjXfE2dRSAVKbMh2a2hcw=="
    }
  }
}
